Microsoft Visual Studio Solution File, Format Version 12.00
# Visual Studio Version 16
VisualStudioVersion = 16.0.0.0
MinimumVisualStudioVersion = 16.0.0.0
Project("{9A19103F-16F7-4668-BE54-9A1E7A4F7556}") = "NavigationSample", "NavigationSample\NavigationSample.csproj", "{3C90042A-4D1A-448B-B6BD-08D1F8734F97}"
EndProject
Project("{FAE04EC0-301F-11D3-BF4B-00C04F79EFBC}") = "NavigationSample.Android", "NavigationSample.Android\NavigationSample.Android.csproj", "{1A6B7EBD-F1FF-4B23-A72F-DD455AF6591C}"
EndProject
Project("{FAE04EC0-301F-11D3-BF4B-00C04F79EFBC}") = "NavigationSample.iOS", "NavigationSample.iOS\NavigationSample.iOS.csproj", "{D2238C9C-7DEC-48CD-AE70-36AB92A1DB11}"
EndProject
Global
	GlobalSection(SolutionConfigurationPlatforms) = preSolution
		Debug|Any CPU = Debug|Any CPU
		Debug|iPhone = Debug|iPhone
		Debug|iPhoneSimulator = Debug|iPhoneSimulator
		Debug|x64 = Debug|x64
		Debug|x86 = Debug|x86
		Release|Any CPU = Release|Any CPU
		Release|iPhone = Release|iPhone
		Release|iPhoneSimulator = Release|iPhoneSimulator
		Release|x64 = Release|x64
		Release|x86 = Release|x86
	EndGlobalSection
	GlobalSection(ProjectConfigurationPlatforms) = postSolution
		{1A6B7EBD-F1FF-4B23-A72F-DD455AF6591C}.Debug|Any CPU.ActiveCfg = Debug|Any CPU
		{1A6B7EBD-F1FF-4B23-A72F-DD455AF6591C}.Debug|Any CPU.Build.0 = Debug|Any CPU
		{1A6B7EBD-F1FF-4B23-A72F-DD455AF6591C}.Debug|Any CPU.Deploy.0 = Debug|Any CPU
		{1A6B7EBD-F1FF-4B23-A72F-DD455AF6591C}.Debug|iPhone.ActiveCfg = Debug|Any CPU
		{1A6B7EBD-F1FF-4B23-A72F-DD455AF6591C}.Debug|iPhone.Build.0 = Debug|Any CPU
		{1A6B7EBD-F1FF-4B23-A72F-DD455AF6591C}.Debug|iPhone.Deploy.0 = Debug|Any CPU
		{1A6B7EBD-F1FF-4B23-A72F-DD455AF6591C}.Debug|iPhoneSimulator.ActiveCfg = Debug|Any CPU
		{1A6B7EBD-F1FF-4B23-A72F-DD455AF6591C}.Debug|iPhoneSimulator.Build.0 = Debug|Any CPU
		{1A6B7EBD-F1FF-4B23-A72F-DD455AF6591C}.Debug|iPhoneSimulator.Deploy.0 = Debug|Any CPU
		{1A6B7EBD-F1FF-4B23-A72F-DD455AF6591C}.Debug|x64.ActiveCfg = Debug|Any CPU
		{1A6B7EBD-F1FF-4B23-A72F-DD455AF6591C}.Debug|x64.Build.0 = Debug|Any CPU
		{1A6B7EBD-F1FF-4B23-A72F-DD455AF6591C}.Debug|x64.Deploy.0 = Debug|Any CPU
		{1A6B7EBD-F1FF-4B23-A72F-DD455AF6591C}.Debug|x86.ActiveCfg = Debug|Any CPU
		{1A6B7EBD-F1FF-4B23-A72F-DD455AF6591C}.Debug|x86.Build.0 = Debug|Any CPU
		{1A6B7EBD-F1FF-4B23-A72F-DD455AF6591C}.Debug|x86.Deploy.0 = Debug|Any CPU
		{1A6B7EBD-F1FF-4B23-A72F-DD455AF6591C}.Release|Any CPU.ActiveCfg = Release|Any CPU
		{1A6B7EBD-F1FF-4B23-A72F-DD455AF6591C}.Release|Any CPU.Build.0 = Release|Any CPU
		{1A6B7EBD-F1FF-4B23-A72F-DD455AF6591C}.Release|Any CPU.Deploy.0 = Release|Any CPU
		{1A6B7EBD-F1FF-4B23-A72F-DD455AF6591C}.Release|iPhone.ActiveCfg = Release|Any CPU
		{1A6B7EBD-F1FF-4B23-A72F-DD455AF6591C}.Release|iPhone.Build.0 = Release|Any CPU
		{1A6B7EBD-F1FF-4B23-A72F-DD455AF6591C}.Release|iPhone.Deploy.0 = Release|Any CPU
		{1A6B7EBD-F1FF-4B23-A72F-DD455AF6591C}.Release|iPhoneSimulator.ActiveCfg = Release|Any CPU
		{1A6B7EBD-F1FF-4B23-A72F-DD455AF6591C}.Release|iPhoneSimulator.Build.0 = Release|Any CPU
		{1A6B7EBD-F1FF-4B23-A72F-DD455AF6591C}.Release|iPhoneSimulator.Deploy.0 = Release|Any CPU
		{1A6B7EBD-F1FF-4B23-A72F-DD455AF6591C}.Release|x64.ActiveCfg = Release|Any CPU
		{1A6B7EBD-F1FF-4B23-A72F-DD455AF6591C}.Release|x64.Build.0 = Release|Any CPU
		{1A6B7EBD-F1FF-4B23-A72F-DD455AF6591C}.Release|x64.Deploy.0 = Release|Any CPU
		{1A6B7EBD-F1FF-4B23-A72F-DD455AF6591C}.Release|x86.ActiveCfg = Release|Any CPU
		{1A6B7EBD-F1FF-4B23-A72F-DD455AF6591C}.Release|x86.Build.0 = Release|Any CPU
		{1A6B7EBD-F1FF-4B23-A72F-DD455AF6591C}.Release|x86.Deploy.0 = Release|Any CPU
		{3C90042A-4D1A-448B-B6BD-08D1F8734F97}.Debug|Any CPU.ActiveCfg = Debug|Any CPU
		{3C90042A-4D1A-448B-B6BD-08D1F8734F97}.Debug|Any CPU.Build.0 = Debug|Any CPU
		{3C90042A-4D1A-448B-B6BD-08D1F8734F97}.Debug|iPhone.ActiveCfg = Debug|Any CPU
		{3C90042A-4D1A-448B-B6BD-08D1F8734F97}.Debug|iPhone.Build.0 = Debug|Any CPU
		{3C90042A-4D1A-448B-B6BD-08D1F8734F97}.Debug|iPhoneSimulator.ActiveCfg = Debug|Any CPU
		{3C90042A-4D1A-448B-B6BD-08D1F8734F97}.Debug|iPhoneSimulator.Build.0 = Debug|Any CPU
		{3C90042A-4D1A-448B-B6BD-08D1F8734F97}.Debug|x64.ActiveCfg = Debug|Any CPU
		{3C90042A-4D1A-448B-B6BD-08D1F8734F97}.Debug|x64.Build.0 = Debug|Any CPU
		{3C90042A-4D1A-448B-B6BD-08D1F8734F97}.Debug|x86.ActiveCfg = Debug|Any CPU
		{3C90042A-4D1A-448B-B6BD-08D1F8734F97}.Debug|x86.Build.0 = Debug|Any CPU
		{3C90042A-4D1A-448B-B6BD-08D1F8734F97}.Release|Any CPU.ActiveCfg = Release|Any CPU
		{3C90042A-4D1A-448B-B6BD-08D1F8734F97}.Release|Any CPU.Build.0 = Release|Any CPU
		{3C90042A-4D1A-448B-B6BD-08D1F8734F97}.Release|iPhone.ActiveCfg = Release|Any CPU
		{3C90042A-4D1A-448B-B6BD-08D1F8734F97}.Release|iPhone.Build.0 = Release|Any CPU
		{3C90042A-4D1A-448B-B6BD-08D1F8734F97}.Release|iPhoneSimulator.ActiveCfg = Release|Any CPU
		{3C90042A-4D1A-448B-B6BD-08D1F8734F97}.Release|iPhoneSimulator.Build.0 = Release|Any CPU
		{3C90042A-4D1A-448B-B6BD-08D1F8734F97}.Release|x64.ActiveCfg = Release|Any CPU
		{3C90042A-4D1A-448B-B6BD-08D1F8734F97}.Release|x64.Build.0 = Release|Any CPU
		{3C90042A-4D1A-448B-B6BD-08D1F8734F97}.Release|x86.ActiveCfg = Release|Any CPU
		{3C90042A-4D1A-448B-B6BD-08D1F8734F97}.Release|x86.Build.0 = Release|Any CPU
		{D2238C9C-7DEC-48CD-AE70-36AB92A1DB11}.Debug|Any CPU.ActiveCfg = Debug|iPhone
		{D2238C9C-7DEC-48CD-AE70-36AB92A1DB11}.Debug|iPhone.ActiveCfg = Debug|iPhone
		{D2238C9C-7DEC-48CD-AE70-36AB92A1DB11}.Debug|iPhone.Build.0 = Debug|iPhone
		{D2238C9C-7DEC-48CD-AE70-36AB92A1DB11}.Debug|iPhoneSimulator.ActiveCfg = Debug|iPhoneSimulator
		{D2238C9C-7DEC-48CD-AE70-36AB92A1DB11}.Debug|iPhoneSimulator.Build.0 = Debug|iPhoneSimulator
		{D2238C9C-7DEC-48CD-AE70-36AB92A1DB11}.Debug|x64.ActiveCfg = Debug|iPhone
		{D2238C9C-7DEC-48CD-AE70-36AB92A1DB11}.Debug|x86.ActiveCfg = Debug|iPhone
		{D2238C9C-7DEC-48CD-AE70-36AB92A1DB11}.Release|Any CPU.ActiveCfg = Release|iPhone
		{D2238C9C-7DEC-48CD-AE70-36AB92A1DB11}.Release|iPhone.ActiveCfg = Release|iPhone
		{D2238C9C-7DEC-48CD-AE70-36AB92A1DB11}.Release|iPhone.Build.0 = Release|iPhone
		{D2238C9C-7DEC-48CD-AE70-36AB92A1DB11}.Release|iPhoneSimulator.ActiveCfg = Release|iPhoneSimulator
		{D2238C9C-7DEC-48CD-AE70-36AB92A1DB11}.Release|iPhoneSimulator.Build.0 = Release|iPhoneSimulator
		{D2238C9C-7DEC-48CD-AE70-36AB92A1DB11}.Release|x64.ActiveCfg = Release|iPhone
		{D2238C9C-7DEC-48CD-AE70-36AB92A1DB11}.Release|x86.ActiveCfg = Release|iPhone
	EndGlobalSection
	GlobalSection(SolutionProperties) = preSolution
		HideSolutionNode = FALSE
	EndGlobalSection
	GlobalSection(ExtensibilityGlobals) = postSolution
		SolutionGuid = {C6DFEBB6-A090-4A59-B69B-56DCB415C723}
	EndGlobalSection
EndGlobal